
Microsoft Visual Studio Solution File, Format Version 12.00
# Visual Studio Version 17
VisualStudioVersion = 17.6.33829.357
MinimumVisualStudioVersion = 10.0.40219.1
Project("{FAE04EC0-301F-11D3-BF4B-00C04F79EFBC}") = "Roteiro_Aprendizagem_C#", "Roteiro_Aprendizagem_C#\Roteiro_Aprendizagem_C#.csproj", "{2E7C023B-8984-414F-BD83-F44D56DE68BE}"
EndProject
Project("{2150E333-8FDC-42A3-9474-1A3956D46DE8}") = "Roteiro Aprendizagem C# Parte 1", "Roteiro Aprendizagem C# Parte 1", "{3DF35C23-D2E1-4B64-89A1-6593C268B41F}"
EndProject
Project("{2150E333-8FDC-42A3-9474-1A3956D46DE8}") = "MiniProject", "MiniProject", "{4DA40CED-61CF-4BFA-A7CF-6B241ADBD04B}"
EndProject
Project("{FAE04EC0-301F-11D3-BF4B-00C04F79EFBC}") = "ProjetosGuiado", "ProjetosGuiado\ProjetosGuiado.csproj", "{B102D2C5-FB3D-4364-9B23-D85F06E3BC5F}"
EndProject
Project("{2150E333-8FDC-42A3-9474-1A3956D46DE8}") = "Roteiro Aprendizarem C# Parte 2", "Roteiro Aprendizarem C# Parte 2", "{554A395A-9520-4B5D-94E0-B80681B6CCA8}"
EndProject
Project("{FAE04EC0-301F-11D3-BF4B-00C04F79EFBC}") = "Roteiro Parte 2", "Roteiro Parte 2\Roteiro Parte 2.csproj", "{C83D4D27-E196-4DA6-A278-C9D068A78049}"
EndProject
Project("{2150E333-8FDC-42A3-9474-1A3956D46DE8}") = "Estrutura de Dados", "Estrutura de Dados", "{B89B14D6-73EF-4426-AE07-78ABE18AC38E}"
EndProject
Project("{2150E333-8FDC-42A3-9474-1A3956D46DE8}") = "Arrays", "Arrays", "{91B7C598-6F30-45BE-964D-7F13565B0F06}"
EndProject
Project("{FAE04EC0-301F-11D3-BF4B-00C04F79EFBC}") = "Arrays", "Arrays\Arrays.csproj", "{6A440F98-7ACB-4498-B8BA-B4481FCCEEFD}"
EndProject
Project("{2150E333-8FDC-42A3-9474-1A3956D46DE8}") = "Projeto Guiado", "Projeto Guiado", "{A478BADA-2AFC-4E12-A158-DB0E6A434522}"
EndProject
Project("{FAE04EC0-301F-11D3-BF4B-00C04F79EFBC}") = "ProjetoGuiadoParte2", "ProjetoGuiadoParte3\ProjetoGuiadoParte2.csproj", "{5EA6D31F-44E2-4845-B43E-45560DDF5CEC}"
EndProject
Project("{2150E333-8FDC-42A3-9474-1A3956D46DE8}") = "Roteiro C# Parte 2", "Roteiro C# Parte 2", "{D69A0766-ACAD-4CC1-A549-36D86793B076}"
EndProject
Project("{2150E333-8FDC-42A3-9474-1A3956D46DE8}") = "Max Consecutives Ones", "Max Consecutives Ones", "{FDB8F156-025A-4012-8CDB-09B9CA4297BE}"
EndProject
Project("{FAE04EC0-301F-11D3-BF4B-00C04F79EFBC}") = "MaxConsecutiveOnes", "MaxConsecutiveOnes\MaxConsecutiveOnes.csproj", "{366E015C-458F-4652-B93D-00CEDCBBA420}"
EndProject
Project("{2150E333-8FDC-42A3-9474-1A3956D46DE8}") = "Introdution to Array", "Introdution to Array", "{A65B3019-A592-48B5-887A-9F7ED75E87ED}"
EndProject
Project("{2150E333-8FDC-42A3-9474-1A3956D46DE8}") = "Find Numbers with Even Number of Digits", "Find Numbers with Even Number of Digits", "{F7F624EF-627D-47C8-BF63-296632058293}"
EndProject
Project("{FAE04EC0-301F-11D3-BF4B-00C04F79EFBC}") = "Find Numbers with Even Number of Digits", "Find Numbers with Even Number of Digits\Find Numbers with Even Number of Digits.csproj", "{EC121195-8116-4B14-B85D-B4CCD138633F}"
EndProject
Project("{2150E333-8FDC-42A3-9474-1A3956D46DE8}") = "Squares of a Sorted Array", "Squares of a Sorted Array", "{29FADBF2-F3B7-46B4-B018-F31E23970DFB}"
EndProject
Project("{FAE04EC0-301F-11D3-BF4B-00C04F79EFBC}") = "Squares of a Sorted Array", "Squares of a Sorted Array\Squares of a Sorted Array.csproj", "{43339CCC-CD30-4542-BB5A-B3A21B2C2380}"
EndProject
Project("{2150E333-8FDC-42A3-9474-1A3956D46DE8}") = "Roteiro Aprendizagem C# Parte 3", "Roteiro Aprendizagem C# Parte 3", "{ABD3E81E-38B9-44F3-B53F-053FD8BC51CB}"
EndProject
Project("{2150E333-8FDC-42A3-9474-1A3956D46DE8}") = "Parte 1", "Parte 1", "{8C37E781-8133-4AF3-9B36-60CFF135A797}"
EndProject
Project("{FAE04EC0-301F-11D3-BF4B-00C04F79EFBC}") = "TipoDeDados", "TipoDeDados\TipoDeDados.csproj", "{4B3F660D-0B09-43DC-BF77-2E32D3CD8221}"
EndProject
Project("{2150E333-8FDC-42A3-9474-1A3956D46DE8}") = "Parte 2", "Parte 2", "{7372E689-87EC-4C09-AAC3-95A586C7C13F}"
EndProject
Project("{FAE04EC0-301F-11D3-BF4B-00C04F79EFBC}") = "ConversaoCast", "ConversaoCast\ConversaoCast.csproj", "{145981AC-8EB6-4921-8E99-161EB9AE3DB1}"
EndProject
Project("{2150E333-8FDC-42A3-9474-1A3956D46DE8}") = "Duplicate Zeros", "Duplicate Zeros", "{EC05637A-AB41-435D-9048-F0E61CF2670E}"
EndProject
Project("{FAE04EC0-301F-11D3-BF4B-00C04F79EFBC}") = "DuplicateZeros", "DuplicateZeros\DuplicateZeros.csproj", "{D2357599-B02B-4D94-93B9-15AFA3F08965}"
EndProject
Global
	GlobalSection(SolutionConfigurationPlatforms) = preSolution
		Debug|Any CPU = Debug|Any CPU
		Release|Any CPU = Release|Any CPU
	EndGlobalSection
	GlobalSection(ProjectConfigurationPlatforms) = postSolution
		{2E7C023B-8984-414F-BD83-F44D56DE68BE}.Debug|Any CPU.ActiveCfg = Debug|Any CPU
		{2E7C023B-8984-414F-BD83-F44D56DE68BE}.Debug|Any CPU.Build.0 = Debug|Any CPU
		{2E7C023B-8984-414F-BD83-F44D56DE68BE}.Release|Any CPU.ActiveCfg = Release|Any CPU
		{2E7C023B-8984-414F-BD83-F44D56DE68BE}.Release|Any CPU.Build.0 = Release|Any CPU
		{B102D2C5-FB3D-4364-9B23-D85F06E3BC5F}.Debug|Any CPU.ActiveCfg = Debug|Any CPU
		{B102D2C5-FB3D-4364-9B23-D85F06E3BC5F}.Debug|Any CPU.Build.0 = Debug|Any CPU
		{B102D2C5-FB3D-4364-9B23-D85F06E3BC5F}.Release|Any CPU.ActiveCfg = Release|Any CPU
		{B102D2C5-FB3D-4364-9B23-D85F06E3BC5F}.Release|Any CPU.Build.0 = Release|Any CPU
		{C83D4D27-E196-4DA6-A278-C9D068A78049}.Debug|Any CPU.ActiveCfg = Debug|Any CPU
		{C83D4D27-E196-4DA6-A278-C9D068A78049}.Debug|Any CPU.Build.0 = Debug|Any CPU
		{C83D4D27-E196-4DA6-A278-C9D068A78049}.Release|Any CPU.ActiveCfg = Release|Any CPU
		{C83D4D27-E196-4DA6-A278-C9D068A78049}.Release|Any CPU.Build.0 = Release|Any CPU
		{6A440F98-7ACB-4498-B8BA-B4481FCCEEFD}.Debug|Any CPU.ActiveCfg = Debug|Any CPU
		{6A440F98-7ACB-4498-B8BA-B4481FCCEEFD}.Debug|Any CPU.Build.0 = Debug|Any CPU
		{6A440F98-7ACB-4498-B8BA-B4481FCCEEFD}.Release|Any CPU.ActiveCfg = Release|Any CPU
		{6A440F98-7ACB-4498-B8BA-B4481FCCEEFD}.Release|Any CPU.Build.0 = Release|Any CPU
		{5EA6D31F-44E2-4845-B43E-45560DDF5CEC}.Debug|Any CPU.ActiveCfg = Debug|Any CPU
		{5EA6D31F-44E2-4845-B43E-45560DDF5CEC}.Debug|Any CPU.Build.0 = Debug|Any CPU
		{5EA6D31F-44E2-4845-B43E-45560DDF5CEC}.Release|Any CPU.ActiveCfg = Release|Any CPU
		{5EA6D31F-44E2-4845-B43E-45560DDF5CEC}.Release|Any CPU.Build.0 = Release|Any CPU
		{366E015C-458F-4652-B93D-00CEDCBBA420}.Debug|Any CPU.ActiveCfg = Debug|Any CPU
		{366E015C-458F-4652-B93D-00CEDCBBA420}.Debug|Any CPU.Build.0 = Debug|Any CPU
		{366E015C-458F-4652-B93D-00CEDCBBA420}.Release|Any CPU.ActiveCfg = Release|Any CPU
		{366E015C-458F-4652-B93D-00CEDCBBA420}.Release|Any CPU.Build.0 = Release|Any CPU
		{EC121195-8116-4B14-B85D-B4CCD138633F}.Debug|Any CPU.ActiveCfg = Debug|Any CPU
		{EC121195-8116-4B14-B85D-B4CCD138633F}.Debug|Any CPU.Build.0 = Debug|Any CPU
		{EC121195-8116-4B14-B85D-B4CCD138633F}.Release|Any CPU.ActiveCfg = Release|Any CPU
		{EC121195-8116-4B14-B85D-B4CCD138633F}.Release|Any CPU.Build.0 = Release|Any CPU
		{43339CCC-CD30-4542-BB5A-B3A21B2C2380}.Debug|Any CPU.ActiveCfg = Debug|Any CPU
		{43339CCC-CD30-4542-BB5A-B3A21B2C2380}.Debug|Any CPU.Build.0 = Debug|Any CPU
		{43339CCC-CD30-4542-BB5A-B3A21B2C2380}.Release|Any CPU.ActiveCfg = Release|Any CPU
		{43339CCC-CD30-4542-BB5A-B3A21B2C2380}.Release|Any CPU.Build.0 = Release|Any CPU
		{4B3F660D-0B09-43DC-BF77-2E32D3CD8221}.Debug|Any CPU.ActiveCfg = Debug|Any CPU
		{4B3F660D-0B09-43DC-BF77-2E32D3CD8221}.Debug|Any CPU.Build.0 = Debug|Any CPU
		{4B3F660D-0B09-43DC-BF77-2E32D3CD8221}.Release|Any CPU.ActiveCfg = Release|Any CPU
		{4B3F660D-0B09-43DC-BF77-2E32D3CD8221}.Release|Any CPU.Build.0 = Release|Any CPU
		{145981AC-8EB6-4921-8E99-161EB9AE3DB1}.Debug|Any CPU.ActiveCfg = Debug|Any CPU
		{145981AC-8EB6-4921-8E99-161EB9AE3DB1}.Debug|Any CPU.Build.0 = Debug|Any CPU
		{145981AC-8EB6-4921-8E99-161EB9AE3DB1}.Release|Any CPU.ActiveCfg = Release|Any CPU
		{145981AC-8EB6-4921-8E99-161EB9AE3DB1}.Release|Any CPU.Build.0 = Release|Any CPU
		{D2357599-B02B-4D94-93B9-15AFA3F08965}.Debug|Any CPU.ActiveCfg = Debug|Any CPU
		{D2357599-B02B-4D94-93B9-15AFA3F08965}.Debug|Any CPU.Build.0 = Debug|Any CPU
		{D2357599-B02B-4D94-93B9-15AFA3F08965}.Release|Any CPU.ActiveCfg = Release|Any CPU
		{D2357599-B02B-4D94-93B9-15AFA3F08965}.Release|Any CPU.Build.0 = Release|Any CPU
	EndGlobalSection
	GlobalSection(SolutionProperties) = preSolution
		HideSolutionNode = FALSE
	EndGlobalSection
	GlobalSection(NestedProjects) = preSolution
		{2E7C023B-8984-414F-BD83-F44D56DE68BE} = {3DF35C23-D2E1-4B64-89A1-6593C268B41F}
		{B102D2C5-FB3D-4364-9B23-D85F06E3BC5F} = {4DA40CED-61CF-4BFA-A7CF-6B241ADBD04B}
		{C83D4D27-E196-4DA6-A278-C9D068A78049} = {D69A0766-ACAD-4CC1-A549-36D86793B076}
		{91B7C598-6F30-45BE-964D-7F13565B0F06} = {B89B14D6-73EF-4426-AE07-78ABE18AC38E}
		{6A440F98-7ACB-4498-B8BA-B4481FCCEEFD} = {A65B3019-A592-48B5-887A-9F7ED75E87ED}
		{A478BADA-2AFC-4E12-A158-DB0E6A434522} = {554A395A-9520-4B5D-94E0-B80681B6CCA8}
		{5EA6D31F-44E2-4845-B43E-45560DDF5CEC} = {A478BADA-2AFC-4E12-A158-DB0E6A434522}
		{D69A0766-ACAD-4CC1-A549-36D86793B076} = {554A395A-9520-4B5D-94E0-B80681B6CCA8}
		{FDB8F156-025A-4012-8CDB-09B9CA4297BE} = {91B7C598-6F30-45BE-964D-7F13565B0F06}
		{366E015C-458F-4652-B93D-00CEDCBBA420} = {FDB8F156-025A-4012-8CDB-09B9CA4297BE}
		{A65B3019-A592-48B5-887A-9F7ED75E87ED} = {91B7C598-6F30-45BE-964D-7F13565B0F06}
		{F7F624EF-627D-47C8-BF63-296632058293} = {91B7C598-6F30-45BE-964D-7F13565B0F06}
		{EC121195-8116-4B14-B85D-B4CCD138633F} = {F7F624EF-627D-47C8-BF63-296632058293}
		{29FADBF2-F3B7-46B4-B018-F31E23970DFB} = {91B7C598-6F30-45BE-964D-7F13565B0F06}
		{43339CCC-CD30-4542-BB5A-B3A21B2C2380} = {29FADBF2-F3B7-46B4-B018-F31E23970DFB}
		{8C37E781-8133-4AF3-9B36-60CFF135A797} = {ABD3E81E-38B9-44F3-B53F-053FD8BC51CB}
		{4B3F660D-0B09-43DC-BF77-2E32D3CD8221} = {8C37E781-8133-4AF3-9B36-60CFF135A797}
		{7372E689-87EC-4C09-AAC3-95A586C7C13F} = {ABD3E81E-38B9-44F3-B53F-053FD8BC51CB}
		{145981AC-8EB6-4921-8E99-161EB9AE3DB1} = {7372E689-87EC-4C09-AAC3-95A586C7C13F}
		{EC05637A-AB41-435D-9048-F0E61CF2670E} = {91B7C598-6F30-45BE-964D-7F13565B0F06}
		{D2357599-B02B-4D94-93B9-15AFA3F08965} = {EC05637A-AB41-435D-9048-F0E61CF2670E}
	EndGlobalSection
	GlobalSection(ExtensibilityGlobals) = postSolution
		SolutionGuid = {652280E7-4E9C-4110-BD5B-351BF708D9EF}
	EndGlobalSection
EndGlobal
