
Microsoft Visual Studio Solution File, Format Version 12.00
# Visual Studio Version 17
VisualStudioVersion = 17.6.33829.357
MinimumVisualStudioVersion = 10.0.40219.1
Project("{FAE04EC0-301F-11D3-BF4B-00C04F79EFBC}") = "Roteiro_Aprendizagem_C#", "Roteiro_Aprendizagem_C#\Roteiro_Aprendizagem_C#.csproj", "{2E7C023B-8984-414F-BD83-F44D56DE68BE}"
EndProject
Project("{2150E333-8FDC-42A3-9474-1A3956D46DE8}") = "Roteiro Aprendizagem C# Parte 1", "Roteiro Aprendizagem C# Parte 1", "{3DF35C23-D2E1-4B64-89A1-6593C268B41F}"
EndProject
Project("{2150E333-8FDC-42A3-9474-1A3956D46DE8}") = "MiniProject", "MiniProject", "{4DA40CED-61CF-4BFA-A7CF-6B241ADBD04B}"
EndProject
Project("{FAE04EC0-301F-11D3-BF4B-00C04F79EFBC}") = "ProjetosGuiado", "ProjetosGuiado\ProjetosGuiado.csproj", "{B102D2C5-FB3D-4364-9B23-D85F06E3BC5F}"
EndProject
Project("{2150E333-8FDC-42A3-9474-1A3956D46DE8}") = "Roteiro Aprendizarem C# Parte 2", "Roteiro Aprendizarem C# Parte 2", "{554A395A-9520-4B5D-94E0-B80681B6CCA8}"
EndProject
Project("{FAE04EC0-301F-11D3-BF4B-00C04F79EFBC}") = "Roteiro Parte 2", "Roteiro Parte 2\Roteiro Parte 2.csproj", "{C83D4D27-E196-4DA6-A278-C9D068A78049}"
EndProject
Global
	GlobalSection(SolutionConfigurationPlatforms) = preSolution
		Debug|Any CPU = Debug|Any CPU
		Release|Any CPU = Release|Any CPU
	EndGlobalSection
	GlobalSection(ProjectConfigurationPlatforms) = postSolution
		{2E7C023B-8984-414F-BD83-F44D56DE68BE}.Debug|Any CPU.ActiveCfg = Debug|Any CPU
		{2E7C023B-8984-414F-BD83-F44D56DE68BE}.Debug|Any CPU.Build.0 = Debug|Any CPU
		{2E7C023B-8984-414F-BD83-F44D56DE68BE}.Release|Any CPU.ActiveCfg = Release|Any CPU
		{2E7C023B-8984-414F-BD83-F44D56DE68BE}.Release|Any CPU.Build.0 = Release|Any CPU
		{B102D2C5-FB3D-4364-9B23-D85F06E3BC5F}.Debug|Any CPU.ActiveCfg = Debug|Any CPU
		{B102D2C5-FB3D-4364-9B23-D85F06E3BC5F}.Debug|Any CPU.Build.0 = Debug|Any CPU
		{B102D2C5-FB3D-4364-9B23-D85F06E3BC5F}.Release|Any CPU.ActiveCfg = Release|Any CPU
		{B102D2C5-FB3D-4364-9B23-D85F06E3BC5F}.Release|Any CPU.Build.0 = Release|Any CPU
		{C83D4D27-E196-4DA6-A278-C9D068A78049}.Debug|Any CPU.ActiveCfg = Debug|Any CPU
		{C83D4D27-E196-4DA6-A278-C9D068A78049}.Debug|Any CPU.Build.0 = Debug|Any CPU
		{C83D4D27-E196-4DA6-A278-C9D068A78049}.Release|Any CPU.ActiveCfg = Release|Any CPU
		{C83D4D27-E196-4DA6-A278-C9D068A78049}.Release|Any CPU.Build.0 = Release|Any CPU
	EndGlobalSection
	GlobalSection(SolutionProperties) = preSolution
		HideSolutionNode = FALSE
	EndGlobalSection
	GlobalSection(NestedProjects) = preSolution
		{2E7C023B-8984-414F-BD83-F44D56DE68BE} = {3DF35C23-D2E1-4B64-89A1-6593C268B41F}
		{B102D2C5-FB3D-4364-9B23-D85F06E3BC5F} = {4DA40CED-61CF-4BFA-A7CF-6B241ADBD04B}
		{C83D4D27-E196-4DA6-A278-C9D068A78049} = {554A395A-9520-4B5D-94E0-B80681B6CCA8}
	EndGlobalSection
	GlobalSection(ExtensibilityGlobals) = postSolution
		SolutionGuid = {652280E7-4E9C-4110-BD5B-351BF708D9EF}
	EndGlobalSection
EndGlobal
